{
  "name": "saltcorn-password-tools",
  "version": "0.1.0",
  "lockfileVersion": 3,
  "requires": true,
  "packages": {
    "": {
      "name": "saltcorn-password-tools",
      "version": "0.1.0",
      "license": "MIT",
      "dependencies": {
        "bcryptjs": "^2.4.3",
        "sha512-crypt-ts": "^0.1.4",
        "zxcvbn": "^4.4.2"
      },
      "engines": {
        "node": ">=16"
      }
    },
    "node_modules/bcryptjs": {
      "version": "2.4.3",
      "resolved": "https://registry.npmjs.org/bcryptjs/-/bcryptjs-2.4.3.tgz",
      "integrity": "sha512-V/Hy/X9Vt7f3BbPJEi8BdVFMByHi+jNXrYkW3huaybV/kQ0KJg0Y6PkEMbn+zeT+i+SiKZ/HMqJGIIt4LZDqNQ==",
      "license": "MIT"
    },
    "node_modules/sha512-crypt-ts": {
      "version": "0.1.27",
      "resolved": "https://registry.npmjs.org/sha512-crypt-ts/-/sha512-crypt-ts-0.1.27.tgz",
      "integrity": "sha512-S/7vb0rJ3ZM6Y1oILqFXM+MGusE3f9SXlEB47qhkVZc2KneF1n6aHd0L1Grl3EKU8nJ44GXY69yRlWfbJXppZg==",
      "license": "Apache-2.0"
    },
    "node_modules/zxcvbn": {
      "version": "4.4.2",
      "resolved": "https://registry.npmjs.org/zxcvbn/-/zxcvbn-4.4.2.tgz",
      "integrity": "sha512-Bq0B+ixT/DMyG8kgX2xWcI5jUvCwqrMxSFam7m0lAf78nf04hv6lNCsyLYdyYTrCVMqNDY/206K7eExYCeSyUQ==",
      "license": "MIT"
    }
  }
}
